
Microsoft Visual Studio Solution File, Format Version 12.00
# Visual Studio Version 17
VisualStudioVersion = 17.2.32526.322
MinimumVisualStudioVersion = 10.0.40219.1
Project("{FAE04EC0-301F-11D3-BF4B-00C04F79EFBC}") = "AdvanceControl", "AdvanceControl\AdvanceControl.csproj", "{CFB31C1A-1434-427D-A838-2F4591023B71}"
EndProject
Project("{2150E333-8FDC-42A3-9474-1A3956D46DE8}") = "UploadedData", "UploadedData", "{F18FE51E-221C-4C22-A524-D7F7716099B0}"
EndProject
Global
	GlobalSection(SolutionConfigurationPlatforms) = preSolution
		Debug|Any CPU = Debug|Any CPU
		Release|Any CPU = Release|Any CPU
	EndGlobalSection
	GlobalSection(ProjectConfigurationPlatforms) = postSolution
		{CFB31C1A-1434-427D-A838-2F4591023B71}.Debug|Any CPU.ActiveCfg = Debug|Any CPU
		{CFB31C1A-1434-427D-A838-2F4591023B71}.Debug|Any CPU.Build.0 = Debug|Any CPU
		{CFB31C1A-1434-427D-A838-2F4591023B71}.Release|Any CPU.ActiveCfg = Release|Any CPU
		{CFB31C1A-1434-427D-A838-2F4591023B71}.Release|Any CPU.Build.0 = Release|Any CPU
	EndGlobalSection
	GlobalSection(SolutionProperties) = preSolution
		HideSolutionNode = FALSE
	EndGlobalSection
	GlobalSection(ExtensibilityGlobals) = postSolution
		SolutionGuid = {584F6169-1455-4B16-99F5-8DD72D06373F}
	EndGlobalSection
EndGlobal
